// !$*UTF8*$!
{
	archiveVersion = 1;
	classes = {
	};
	objectVersion = 77;
	objects = {

/* Begin PBXContainerItemProxy section */
		E5388F302D04D65B00075B13 /* PBXContainerItemProxy */ = {
			isa = PBXContainerItemProxy;
			containerPortal = E5388F172D04D65A00075B13 /* Project object */;
			proxyType = 1;
			remoteGlobalIDString = E5388F1E2D04D65A00075B13;
			remoteInfo = "MKR-CleanSwift";
		};
		E5388F3A2D04D65B00075B13 /* PBXContainerItemProxy */ = {
			isa = PBXContainerItemProxy;
			containerPortal = E5388F172D04D65A00075B13 /* Project object */;
			proxyType = 1;
			remoteGlobalIDString = E5388F1E2D04D65A00075B13;
			remoteInfo = "MKR-CleanSwift";
		};
/* End PBXContainerItemProxy section */

/* Begin PBXFileReference section */
		E5388F1F2D04D65A00075B13 /* MKR-CleanSwift.app */ = {isa = PBXFileReference; explicitFileType = wrapper.application; includeInIndex = 0; path = "MKR-CleanSwift.app"; sourceTree = BUILT_PRODUCTS_DIR; };
		E5388F2F2D04D65B00075B13 /* MKR-CleanSwiftTests.xctest */ = {isa = PBXFileReference; explicitFileType = wrapper.cfbundle; includeInIndex = 0; path = "MKR-CleanSwiftTests.xctest"; sourceTree = BUILT_PRODUCTS_DIR; };
		E5388F392D04D65B00075B13 /* MKR-CleanSwiftUITests.xctest */ = {isa = PBXFileReference; explicitFileType = wrapper.cfbundle; includeInIndex = 0; path = "MKR-CleanSwiftUITests.xctest"; sourceTree = BUILT_PRODUCTS_DIR; };
/* End PBXFileReference section */

/* Begin PBXFileSystemSynchronizedRootGroup section */
		E5388F212D04D65A00075B13 /* MKR-CleanSwift */ = {
			isa = PBXFileSystemSynchronizedRootGroup;
			path = "MKR-CleanSwift";
			sourceTree = "<group>";
		};
		E5388F322D04D65B00075B13 /* MKR-CleanSwiftTests */ = {
			isa = PBXFileSystemSynchronizedRootGroup;
			path = "MKR-CleanSwiftTests";
			sourceTree = "<group>";
		};
		E5388F3C2D04D65B00075B13 /* MKR-CleanSwiftUITests */ = {
			isa = PBXFileSystemSynchronizedRootGroup;
			path = "MKR-CleanSwiftUITests";
			sourceTree = "<group>";
		};
/* End PBXFileSystemSynchronizedRootGroup section */

/* Begin PBXFrameworksBuildPhase section */
		E5388F1C2D04D65A00075B13 /* Frameworks */ = {
			isa = PBXFrameworksBuildPhase;
			buildActionMask = 2147483647;
			files = (
			);
			runOnlyForDeploymentPostprocessing = 0;
		};
		E5388F2C2D04D65B00075B13 /* Frameworks */ = {
			isa = PBXFrameworksBuildPhase;
			buildActionMask = 2147483647;
			files = (
			);
			runOnlyForDeploymentPostprocessing = 0;
		};
		E5388F362D04D65B00075B13 /* Frameworks */ = {
			isa = PBXFrameworksBuildPhase;
			buildActionMask = 2147483647;
			files = (
			);
			runOnlyForDeploymentPostprocessing = 0;
		};
/* End PBXFrameworksBuildPhase section */

/* Begin PBXGroup section */
		E5388F162D04D65A00075B13 = {
			isa = PBXGroup;
			children = (
				E5388F212D04D65A00075B13 /* MKR-CleanSwift */,
				E5388F322D04D65B00075B13 /* MKR-CleanSwiftTests */,
				E5388F3C2D04D65B00075B13 /* MKR-CleanSwiftUITests */,
				E5388F202D04D65A00075B13 /* Products */,
			);
			sourceTree = "<group>";
		};
		E5388F202D04D65A00075B13 /* Products */ = {
			isa = PBXGroup;
			children = (
				E5388F1F2D04D65A00075B13 /* MKR-CleanSwift.app */,
				E5388F2F2D04D65B00075B13 /* MKR-CleanSwiftTests.xctest */,
				E5388F392D04D65B00075B13 /* MKR-CleanSwiftUITests.xctest */,
			);
			name = Products;
			sourceTree = "<group>";
		};
/* End PBXGroup section */

/* Begin PBXNativeTarget section */
		E5388F1E2D04D65A00075B13 /* MKR-CleanSwift */ = {
			isa = PBXNativeTarget;
			buildConfigurationList = E5388F432D04D65B00075B13 /* Build configuration list for PBXNativeTarget "MKR-CleanSwift" */;
			buildPhases = (
				E5388F1B2D04D65A00075B13 /* Sources */,
				E5388F1C2D04D65A00075B13 /* Frameworks */,
				E5388F1D2D04D65A00075B13 /* Resources */,
			);
			buildRules = (
			);
			dependencies = (
			);
			fileSystemSynchronizedGroups = (
				E5388F212D04D65A00075B13 /* MKR-CleanSwift */,
			);
			name = "MKR-CleanSwift";
			packageProductDependencies = (
			);
			productName = "MKR-CleanSwift";
			productReference = E5388F1F2D04D65A00075B13 /* MKR-CleanSwift.app */;
			productType = "com.apple.product-type.application";
		};
		E5388F2E2D04D65B00075B13 /* MKR-CleanSwiftTests */ = {
			isa = PBXNativeTarget;
			buildConfigurationList = E5388F462D04D65B00075B13 /* Build configuration list for PBXNativeTarget "MKR-CleanSwiftTests" */;
			buildPhases = (
				E5388F2B2D04D65B00075B13 /* Sources */,
				E5388F2C2D04D65B00075B13 /* Frameworks */,
				E5388F2D2D04D65B00075B13 /* Resources */,
			);
			buildRules = (
			);
			dependencies = (
				E5388F312D04D65B00075B13 /* PBXTargetDependency */,
			);
			fileSystemSynchronizedGroups = (
				E5388F322D04D65B00075B13 /* MKR-CleanSwiftTests */,
			);
			name = "MKR-CleanSwiftTests";
			packageProductDependencies = (
			);
			productName = "MKR-CleanSwiftTests";
			productReference = E5388F2F2D04D65B00075B13 /* MKR-CleanSwiftTests.xctest */;
			productType = "com.apple.product-type.bundle.unit-test";
		};
		E5388F382D04D65B00075B13 /* MKR-CleanSwiftUITests */ = {
			isa = PBXNativeTarget;
			buildConfigurationList = E5388F492D04D65B00075B13 /* Build configuration list for PBXNativeTarget "MKR-CleanSwiftUITests" */;
			buildPhases = (
				E5388F352D04D65B00075B13 /* Sources */,
				E5388F362D04D65B00075B13 /* Frameworks */,
				E5388F372D04D65B00075B13 /* Resources */,
			);
			buildRules = (
			);
			dependencies = (
				E5388F3B2D04D65B00075B13 /* PBXTargetDependency */,
			);
			fileSystemSynchronizedGroups = (
				E5388F3C2D04D65B00075B13 /* MKR-CleanSwiftUITests */,
			);
			name = "MKR-CleanSwiftUITests";
			packageProductDependencies = (
			);
			productName = "MKR-CleanSwiftUITests";
			productReference = E5388F392D04D65B00075B13 /* MKR-CleanSwiftUITests.xctest */;
			productType = "com.apple.product-type.bundle.ui-testing";
		};
/* End PBXNativeTarget section */

/* Begin PBXProject section */
		E5388F172D04D65A00075B13 /* Project object */ = {
			isa = PBXProject;
			attributes = {
				BuildIndependentTargetsInParallel = 1;
				LastSwiftUpdateCheck = 1610;
				LastUpgradeCheck = 1610;
				TargetAttributes = {
					E5388F1E2D04D65A00075B13 = {
						CreatedOnToolsVersion = 16.1;
					};
					E5388F2E2D04D65B00075B13 = {
						CreatedOnToolsVersion = 16.1;
						TestTargetID = E5388F1E2D04D65A00075B13;
					};
					E5388F382D04D65B00075B13 = {
						CreatedOnToolsVersion = 16.1;
						TestTargetID = E5388F1E2D04D65A00075B13;
					};
				};
			};
			buildConfigurationList = E5388F1A2D04D65A00075B13 /* Build configuration list for PBXProject "MKR-CleanSwift" */;
			developmentRegion = en;
			hasScannedForEncodings = 0;
			knownRegions = (
				en,
				Base,
			);
			mainGroup = E5388F162D04D65A00075B13;
			minimizedProjectReferenceProxies = 1;
			preferredProjectObjectVersion = 77;
			productRefGroup = E5388F202D04D65A00075B13 /* Products */;
			projectDirPath = "";
			projectRoot = "";
			targets = (
				E5388F1E2D04D65A00075B13 /* MKR-CleanSwift */,
				E5388F2E2D04D65B00075B13 /* MKR-CleanSwiftTests */,
				E5388F382D04D65B00075B13 /* MKR-CleanSwiftUITests */,
			);
		};
/* End PBXProject section */

/* Begin PBXResourcesBuildPhase section */
		E5388F1D2D04D65A00075B13 /* Resources */ = {
			isa = PBXResourcesBuildPhase;
			buildActionMask = 2147483647;
			files = (
			);
			runOnlyForDeploymentPostprocessing = 0;
		};
		E5388F2D2D04D65B00075B13 /* Resources */ = {
			isa = PBXResourcesBuildPhase;
			buildActionMask = 2147483647;
			files = (
			);
			runOnlyForDeploymentPostprocessing = 0;
		};
		E5388F372D04D65B00075B13 /* Resources */ = {
			isa = PBXResourcesBuildPhase;
			buildActionMask = 2147483647;
			files = (
			);
			runOnlyForDeploymentPostprocessing = 0;
		};
/* End PBXResourcesBuildPhase section */

/* Begin PBXSourcesBuildPhase section */
		E5388F1B2D04D65A00075B13 /* Sources */ = {
			isa = PBXSourcesBuildPhase;
			buildActionMask = 2147483647;
			files = (
			);
			runOnlyForDeploymentPostprocessing = 0;
		};
		E5388F2B2D04D65B00075B13 /* Sources */ = {
			isa = PBXSourcesBuildPhase;
			buildActionMask = 2147483647;
			files = (
			);
			runOnlyForDeploymentPostprocessing = 0;
		};
		E5388F352D04D65B00075B13 /* Sources */ = {
			isa = PBXSourcesBuildPhase;
			buildActionMask = 2147483647;
			files = (
			);
			runOnlyForDeploymentPostprocessing = 0;
		};
/* End PBXSourcesBuildPhase section */

/* Begin PBXTargetDependency section */
		E5388F312D04D65B00075B13 /* PBXTargetDependency */ = {
			isa = PBXTargetDependency;
			target = E5388F1E2D04D65A00075B13 /* MKR-CleanSwift */;
			targetProxy = E5388F302D04D65B00075B13 /* PBXContainerItemProxy */;
		};
		E5388F3B2D04D65B00075B13 /* PBXTargetDependency */ = {
			isa = PBXTargetDependency;
			target = E5388F1E2D04D65A00075B13 /* MKR-CleanSwift */;
			targetProxy = E5388F3A2D04D65B00075B13 /* PBXContainerItemProxy */;
		};
/* End PBXTargetDependency section */

/* Begin XCBuildConfiguration section */
		E5388F412D04D65B00075B13 /* Debug */ = {
			isa = XCBuildConfiguration;
			buildSettings = {
				ALWAYS_SEARCH_USER_PATHS = NO;
				ASSETCATALOG_COMPILER_GENERATE_SWIFT_ASSET_SYMBOL_EXTENSIONS = YES;
				CLANG_ANALYZER_NONNULL = YES;
				CLANG_ANALYZER_NUMBER_OBJECT_CONVERSION = YES_AGGRESSIVE;
				CLANG_CXX_LANGUAGE_STANDARD = "gnu++20";
				CLANG_ENABLE_MODULES = YES;
				CLANG_ENABLE_OBJC_ARC = YES;
				CLANG_ENABLE_OBJC_WEAK = YES;
				CLANG_WARN_BLOCK_CAPTURE_AUTORELEASING = YES;
				CLANG_WARN_BOOL_CONVERSION = YES;
				CLANG_WARN_COMMA = YES;
				CLANG_WARN_CONSTANT_CONVERSION = YES;
				CLANG_WARN_DEPRECATED_OBJC_IMPLEMENTATIONS = YES;
				CLANG_WARN_DIRECT_OBJC_ISA_USAGE = YES_ERROR;
				CLANG_WARN_DOCUMENTATION_COMMENTS = YES;
				CLANG_WARN_EMPTY_BODY = YES;
				CLANG_WARN_ENUM_CONVERSION = YES;
				CLANG_WARN_INFINITE_RECURSION = YES;
				CLANG_WARN_INT_CONVERSION = YES;
				CLANG_WARN_NON_LITERAL_NULL_CONVERSION = YES;
				CLANG_WARN_OBJC_IMPLICIT_RETAIN_SELF = YES;
				CLANG_WARN_OBJC_LITERAL_CONVERSION = YES;
				CLANG_WARN_OBJC_ROOT_CLASS = YES_ERROR;
				CLANG_WARN_QUOTED_INCLUDE_IN_FRAMEWORK_HEADER = YES;
				CLANG_WARN_RANGE_LOOP_ANALYSIS = YES;
				CLANG_WARN_STRICT_PROTOTYPES = YES;
				CLANG_WARN_SUSPICIOUS_MOVE = YES;
				CLANG_WARN_UNGUARDED_AVAILABILITY = YES_AGGRESSIVE;
				CLANG_WARN_UNREACHABLE_CODE = YES;
				CLANG_WARN__DUPLICATE_METHOD_MATCH = YES;
				COPY_PHASE_STRIP = NO;
				DEBUG_INFORMATION_FORMAT = dwarf;
				ENABLE_STRICT_OBJC_MSGSEND = YES;
				ENABLE_TESTABILITY = YES;
				ENABLE_USER_SCRIPT_SANDBOXING = YES;
				GCC_C_LANGUAGE_STANDARD = gnu17;
				GCC_DYNAMIC_NO_PIC = NO;
				GCC_NO_COMMON_BLOCKS = YES;
				GCC_OPTIMIZATION_LEVEL = 0;
				GCC_PREPROCESSOR_DEFINITIONS = (
					"DEBUG=1",
					"$(inherited)",
				);
				GCC_WARN_64_TO_32_BIT_CONVERSION = YES;
				GCC_WARN_ABOUT_RETURN_TYPE = YES_ERROR;
				GCC_WARN_UNDECLARED_SELECTOR = YES;
				GCC_WARN_UNINITIALIZED_AUTOS = YES_AGGRESSIVE;
				GCC_WARN_UNUSED_FUNCTION = YES;
				GCC_WARN_UNUSED_VARIABLE = YES;
				IPHONEOS_DEPLOYMENT_TARGET = 18.1;
				LOCALIZATION_PREFERS_STRING_CATALOGS = YES;
				MTL_ENABLE_DEBUG_INFO = INCLUDE_SOURCE;
				MTL_FAST_MATH = YES;
				ONLY_ACTIVE_ARCH = YES;
				SDKROOT = iphoneos;
				SWIFT_ACTIVE_COMPILATION_CONDITIONS = "DEBUG $(inherited)";
				SWIFT_OPTIMIZATION_LEVEL = "-Onone";
			};
			name = Debug;
		};
		E5388F422D04D65B00075B13 /* Release */ = {
			isa = XCBuildConfiguration;
			buildSettings = {
				ALWAYS_SEARCH_USER_PATHS = NO;
				ASSETCATALOG_COMPILER_GENERATE_SWIFT_ASSET_SYMBOL_EXTENSIONS = YES;
				CLANG_ANALYZER_NONNULL = YES;
				CLANG_ANALYZER_NUMBER_OBJECT_CONVERSION = YES_AGGRESSIVE;
				CLANG_CXX_LANGUAGE_STANDARD = "gnu++20";
				CLANG_ENABLE_MODULES = YES;
				CLANG_ENABLE_OBJC_ARC = YES;
				CLANG_ENABLE_OBJC_WEAK = YES;
				CLANG_WARN_BLOCK_CAPTURE_AUTORELEASING = YES;
				CLANG_WARN_BOOL_CONVERSION = YES;
				CLANG_WARN_COMMA = YES;
				CLANG_WARN_CONSTANT_CONVERSION = YES;
				CLANG_WARN_DEPRECATED_OBJC_IMPLEMENTATIONS = YES;
				CLANG_WARN_DIRECT_OBJC_ISA_USAGE = YES_ERROR;
				CLANG_WARN_DOCUMENTATION_COMMENTS = YES;
				CLANG_WARN_EMPTY_BODY = YES;
				CLANG_WARN_ENUM_CONVERSION = YES;
				CLANG_WARN_INFINITE_RECURSION = YES;
				CLANG_WARN_INT_CONVERSION = YES;
				CLANG_WARN_NON_LITERAL_NULL_CONVERSION = YES;
				CLANG_WARN_OBJC_IMPLICIT_RETAIN_SELF = YES;
				CLANG_WARN_OBJC_LITERAL_CONVERSION = YES;
				CLANG_WARN_OBJC_ROOT_CLASS = YES_ERROR;
				CLANG_WARN_QUOTED_INCLUDE_IN_FRAMEWORK_HEADER = YES;
				CLANG_WARN_RANGE_LOOP_ANALYSIS = YES;
				CLANG_WARN_STRICT_PROTOTYPES = YES;
				CLANG_WARN_SUSPICIOUS_MOVE = YES;
				CLANG_WARN_UNGUARDED_AVAILABILITY = YES_AGGRESSIVE;
				CLANG_WARN_UNREACHABLE_CODE = YES;
				CLANG_WARN__DUPLICATE_METHOD_MATCH = YES;
				COPY_PHASE_STRIP = NO;
				DEBUG_INFORMATION_FORMAT = "dwarf-with-dsym";
				ENABLE_NS_ASSERTIONS = NO;
				ENABLE_STRICT_OBJC_MSGSEND = YES;
				ENABLE_USER_SCRIPT_SANDBOXING = YES;
				GCC_C_LANGUAGE_STANDARD = gnu17;
				GCC_NO_COMMON_BLOCKS = YES;
				GCC_WARN_64_TO_32_BIT_CONVERSION = YES;
				GCC_WARN_ABOUT_RETURN_TYPE = YES_ERROR;
				GCC_WARN_UNDECLARED_SELECTOR = YES;
				GCC_WARN_UNINITIALIZED_AUTOS = YES_AGGRESSIVE;
				GCC_WARN_UNUSED_FUNCTION = YES;
				GCC_WARN_UNUSED_VARIABLE = YES;
				IPHONEOS_DEPLOYMENT_TARGET = 18.1;
				LOCALIZATION_PREFERS_STRING_CATALOGS = YES;
				MTL_ENABLE_DEBUG_INFO = NO;
				MTL_FAST_MATH = YES;
				SDKROOT = iphoneos;
				SWIFT_COMPILATION_MODE = wholemodule;
				VALIDATE_PRODUCT = YES;
			};
			name = Release;
		};
		E5388F442D04D65B00075B13 /* Debug */ = {
			isa = XCBuildConfiguration;
			buildSettings = {
				ASSETCATALOG_COMPILER_APPICON_NAME = AppIcon;
				ASSETCATALOG_COMPILER_GLOBAL_ACCENT_COLOR_NAME = AccentColor;
				CODE_SIGN_STYLE = Automatic;
				CURRENT_PROJECT_VERSION = 1;
				DEVELOPMENT_ASSET_PATHS = "\"MKR-CleanSwift/Resources/Preview Content\"";
				DEVELOPMENT_TEAM = SKCX3NJ774;
				ENABLE_PREVIEWS = YES;
				GENERATE_INFOPLIST_FILE = YES;
				INFOPLIST_KEY_UIApplicationSceneManifest_Generation = YES;
				INFOPLIST_KEY_UIApplicationSupportsIndirectInputEvents = YES;
				INFOPLIST_KEY_UILaunchScreen_Generation = YES;
				INFOPLIST_KEY_UISupportedInterfaceOrientations_iPad = "UIInterfaceOrientationPortrait UIInterfaceOrientationPortraitUpsideDown UIInterfaceOrientationLandscapeLeft UIInterfaceOrientationLandscapeRight";
				INFOPLIST_KEY_UISupportedInterfaceOrientations_iPhone = "UIInterfaceOrientationPortrait UIInterfaceOrientationLandscapeLeft UIInterfaceOrientationLandscapeRight";
				IPHONEOS_DEPLOYMENT_TARGET = 17.6;
				LD_RUNPATH_SEARCH_PATHS = (
					"$(inherited)",
					"@executable_path/Frameworks",
				);
				MARKETING_VERSION = 1.0;
				PRODUCT_BUNDLE_IDENTIFIER = "com.github.migthyK1ngRichard.MKR-CleanSwift";
				PRODUCT_NAME = "$(TARGET_NAME)";
				SWIFT_EMIT_LOC_STRINGS = YES;
				SWIFT_VERSION = 5.0;
				TARGETED_DEVICE_FAMILY = "1,2";
			};
			name = Debug;
		};
		E5388F452D04D65B00075B13 /* Release */ = {
			isa = XCBuildConfiguration;
			buildSettings = {
				ASSETCATALOG_COMPILER_APPICON_NAME = AppIcon;
				ASSETCATALOG_COMPILER_GLOBAL_ACCENT_COLOR_NAME = AccentColor;
				CODE_SIGN_STYLE = Automatic;
				CURRENT_PROJECT_VERSION = 1;
				DEVELOPMENT_ASSET_PATHS = "\"MKR-CleanSwift/Resources/Preview Content\"";
				DEVELOPMENT_TEAM = SKCX3NJ774;
				ENABLE_PREVIEWS = YES;
				GENERATE_INFOPLIST_FILE = YES;
				INFOPLIST_KEY_UIApplicationSceneManifest_Generation = YES;
				INFOPLIST_KEY_UIApplicationSupportsIndirectInputEvents = YES;
				INFOPLIST_KEY_UILaunchScreen_Generation = YES;
				INFOPLIST_KEY_UISupportedInterfaceOrientations_iPad = "UIInterfaceOrientationPortrait UIInterfaceOrientationPortraitUpsideDown UIInterfaceOrientationLandscapeLeft UIInterfaceOrientationLandscapeRight";
				INFOPLIST_KEY_UISupportedInterfaceOrientations_iPhone = "UIInterfaceOrientationPortrait UIInterfaceOrientationLandscapeLeft UIInterfaceOrientationLandscapeRight";
				IPHONEOS_DEPLOYMENT_TARGET = 17.6;
				LD_RUNPATH_SEARCH_PATHS = (
					"$(inherited)",
					"@executable_path/Frameworks",
				);
				MARKETING_VERSION = 1.0;
				PRODUCT_BUNDLE_IDENTIFIER = "com.github.migthyK1ngRichard.MKR-CleanSwift";
				PRODUCT_NAME = "$(TARGET_NAME)";
				SWIFT_EMIT_LOC_STRINGS = YES;
				SWIFT_VERSION = 5.0;
				TARGETED_DEVICE_FAMILY = "1,2";
			};
			name = Release;
		};
		E5388F472D04D65B00075B13 /* Debug */ = {
			isa = XCBuildConfiguration;
			buildSettings = {
				BUNDLE_LOADER = "$(TEST_HOST)";
				CODE_SIGN_STYLE = Automatic;
				CURRENT_PROJECT_VERSION = 1;
				DEVELOPMENT_TEAM = SKCX3NJ774;
				GENERATE_INFOPLIST_FILE = YES;
				IPHONEOS_DEPLOYMENT_TARGET = 18.1;
				MARKETING_VERSION = 1.0;
				PRODUCT_BUNDLE_IDENTIFIER = "com.github.migthyK1ngRichard.MKR-CleanSwiftTests";
				PRODUCT_NAME = "$(TARGET_NAME)";
				SWIFT_EMIT_LOC_STRINGS = NO;
				SWIFT_VERSION = 5.0;
				TARGETED_DEVICE_FAMILY = "1,2";
				TEST_HOST = "$(BUILT_PRODUCTS_DIR)/MKR-CleanSwift.app/$(BUNDLE_EXECUTABLE_FOLDER_PATH)/MKR-CleanSwift";
			};
			name = Debug;
		};
		E5388F482D04D65B00075B13 /* Release */ = {
			isa = XCBuildConfiguration;
			buildSettings = {
				BUNDLE_LOADER = "$(TEST_HOST)";
				CODE_SIGN_STYLE = Automatic;
				CURRENT_PROJECT_VERSION = 1;
				DEVELOPMENT_TEAM = SKCX3NJ774;
				GENERATE_INFOPLIST_FILE = YES;
				IPHONEOS_DEPLOYMENT_TARGET = 18.1;
				MARKETING_VERSION = 1.0;
				PRODUCT_BUNDLE_IDENTIFIER = "com.github.migthyK1ngRichard.MKR-CleanSwiftTests";
				PRODUCT_NAME = "$(TARGET_NAME)";
				SWIFT_EMIT_LOC_STRINGS = NO;
				SWIFT_VERSION = 5.0;
				TARGETED_DEVICE_FAMILY = "1,2";
				TEST_HOST = "$(BUILT_PRODUCTS_DIR)/MKR-CleanSwift.app/$(BUNDLE_EXECUTABLE_FOLDER_PATH)/MKR-CleanSwift";
			};
			name = Release;
		};
		E5388F4A2D04D65B00075B13 /* Debug */ = {
			isa = XCBuildConfiguration;
			buildSettings = {
				CODE_SIGN_STYLE = Automatic;
				CURRENT_PROJECT_VERSION = 1;
				DEVELOPMENT_TEAM = SKCX3NJ774;
				GENERATE_INFOPLIST_FILE = YES;
				MARKETING_VERSION = 1.0;
				PRODUCT_BUNDLE_IDENTIFIER = "com.github.migthyK1ngRichard.MKR-CleanSwiftUITests";
				PRODUCT_NAME = "$(TARGET_NAME)";
				SWIFT_EMIT_LOC_STRINGS = NO;
				SWIFT_VERSION = 5.0;
				TARGETED_DEVICE_FAMILY = "1,2";
				TEST_TARGET_NAME = "MKR-CleanSwift";
			};
			name = Debug;
		};
		E5388F4B2D04D65B00075B13 /* Release */ = {
			isa = XCBuildConfiguration;
			buildSettings = {
				CODE_SIGN_STYLE = Automatic;
				CURRENT_PROJECT_VERSION = 1;
				DEVELOPMENT_TEAM = SKCX3NJ774;
				GENERATE_INFOPLIST_FILE = YES;
				MARKETING_VERSION = 1.0;
				PRODUCT_BUNDLE_IDENTIFIER = "com.github.migthyK1ngRichard.MKR-CleanSwiftUITests";
				PRODUCT_NAME = "$(TARGET_NAME)";
				SWIFT_EMIT_LOC_STRINGS = NO;
				SWIFT_VERSION = 5.0;
				TARGETED_DEVICE_FAMILY = "1,2";
				TEST_TARGET_NAME = "MKR-CleanSwift";
			};
			name = Release;
		};
/* End XCBuildConfiguration section */

/* Begin XCConfigurationList section */
		E5388F1A2D04D65A00075B13 /* Build configuration list for PBXProject "MKR-CleanSwift" */ = {
			isa = XCConfigurationList;
			buildConfigurations = (
				E5388F412D04D65B00075B13 /* Debug */,
				E5388F422D04D65B00075B13 /* Release */,
			);
			defaultConfigurationIsVisible = 0;
			defaultConfigurationName = Release;
		};
		E5388F432D04D65B00075B13 /* Build configuration list for PBXNativeTarget "MKR-CleanSwift" */ = {
			isa = XCConfigurationList;
			buildConfigurations = (
				E5388F442D04D65B00075B13 /* Debug */,
				E5388F452D04D65B00075B13 /* Release */,
			);
			defaultConfigurationIsVisible = 0;
			defaultConfigurationName = Release;
		};
		E5388F462D04D65B00075B13 /* Build configuration list for PBXNativeTarget "MKR-CleanSwiftTests" */ = {
			isa = XCConfigurationList;
			buildConfigurations = (
				E5388F472D04D65B00075B13 /* Debug */,
				E5388F482D04D65B00075B13 /* Release */,
			);
			defaultConfigurationIsVisible = 0;
			defaultConfigurationName = Release;
		};
		E5388F492D04D65B00075B13 /* Build configuration list for PBXNativeTarget "MKR-CleanSwiftUITests" */ = {
			isa = XCConfigurationList;
			buildConfigurations = (
				E5388F4A2D04D65B00075B13 /* Debug */,
				E5388F4B2D04D65B00075B13 /* Release */,
			);
			defaultConfigurationIsVisible = 0;
			defaultConfigurationName = Release;
		};
/* End XCConfigurationList section */
	};
	rootObject = E5388F172D04D65A00075B13 /* Project object */;
}
